
Microsoft Visual Studio Solution File, Format Version 12.00
# Visual Studio Version 17
VisualStudioVersion = 17.9.34714.143
MinimumVisualStudioVersion = 10.0.40219.1
Project("{FAE04EC0-301F-11D3-BF4B-00C04F79EFBC}") = "CaseStudy1", "CaseStudy1\CaseStudy1.csproj", "{3BC9E676-EC9F-42C6-9392-6AE3B4F850A1}"
EndProject
Project("{2150E333-8FDC-42A3-9474-1A3956D46DE8}") = "DataAccess", "DataAccess", "{9242808D-3FEF-4625-972E-3D51A32C1820}"
EndProject
Project("{FAE04EC0-301F-11D3-BF4B-00C04F79EFBC}") = "DataAccess.Entities", "DataAccess.Entities\DataAccess.Entities.csproj", "{0E80825B-0AB8-4EC7-A37D-E4FBC35D65CE}"
EndProject
Project("{FAE04EC0-301F-11D3-BF4B-00C04F79EFBC}") = "DataAccess.DataAccess", "DataAccess.DataAccess\DataAccess.DataAccess.csproj", "{2B2FCEAC-0B5F-444E-930C-4D7F7AE6614B}"
EndProject
Project("{2150E333-8FDC-42A3-9474-1A3956D46DE8}") = "Process", "Process", "{9E2AD132-9A12-42D0-A0EC-C14DD40CC76C}"
EndProject
Project("{FAE04EC0-301F-11D3-BF4B-00C04F79EFBC}") = "UserRoleProcess", "UserRoleProcess\UserRoleProcess.csproj", "{7BF95E6B-F8FF-4D76-8B56-C9462A1813E0}"
EndProject
Project("{2150E333-8FDC-42A3-9474-1A3956D46DE8}") = "UI", "UI", "{1DEF615D-9169-4E97-823A-16C00C7FCD59}"
EndProject
Project("{2150E333-8FDC-42A3-9474-1A3956D46DE8}") = "Tests", "Tests", "{7BA495E4-E3D5-4555-B6F1-3396312D00E3}"
EndProject
Project("{FAE04EC0-301F-11D3-BF4B-00C04F79EFBC}") = "TestDataAccess", "TestDataAccess\TestDataAccess.csproj", "{3D4144E1-D5CA-4050-B242-A60E6E7C72DE}"
EndProject
Global
	GlobalSection(SolutionConfigurationPlatforms) = preSolution
		Debug|Any CPU = Debug|Any CPU
		Release|Any CPU = Release|Any CPU
	EndGlobalSection
	GlobalSection(ProjectConfigurationPlatforms) = postSolution
		{3BC9E676-EC9F-42C6-9392-6AE3B4F850A1}.Debug|Any CPU.ActiveCfg = Debug|Any CPU
		{3BC9E676-EC9F-42C6-9392-6AE3B4F850A1}.Debug|Any CPU.Build.0 = Debug|Any CPU
		{3BC9E676-EC9F-42C6-9392-6AE3B4F850A1}.Release|Any CPU.ActiveCfg = Release|Any CPU
		{3BC9E676-EC9F-42C6-9392-6AE3B4F850A1}.Release|Any CPU.Build.0 = Release|Any CPU
		{0E80825B-0AB8-4EC7-A37D-E4FBC35D65CE}.Debug|Any CPU.ActiveCfg = Debug|Any CPU
		{0E80825B-0AB8-4EC7-A37D-E4FBC35D65CE}.Debug|Any CPU.Build.0 = Debug|Any CPU
		{0E80825B-0AB8-4EC7-A37D-E4FBC35D65CE}.Release|Any CPU.ActiveCfg = Release|Any CPU
		{0E80825B-0AB8-4EC7-A37D-E4FBC35D65CE}.Release|Any CPU.Build.0 = Release|Any CPU
		{2B2FCEAC-0B5F-444E-930C-4D7F7AE6614B}.Debug|Any CPU.ActiveCfg = Debug|Any CPU
		{2B2FCEAC-0B5F-444E-930C-4D7F7AE6614B}.Debug|Any CPU.Build.0 = Debug|Any CPU
		{2B2FCEAC-0B5F-444E-930C-4D7F7AE6614B}.Release|Any CPU.ActiveCfg = Release|Any CPU
		{2B2FCEAC-0B5F-444E-930C-4D7F7AE6614B}.Release|Any CPU.Build.0 = Release|Any CPU
		{7BF95E6B-F8FF-4D76-8B56-C9462A1813E0}.Debug|Any CPU.ActiveCfg = Debug|Any CPU
		{7BF95E6B-F8FF-4D76-8B56-C9462A1813E0}.Debug|Any CPU.Build.0 = Debug|Any CPU
		{7BF95E6B-F8FF-4D76-8B56-C9462A1813E0}.Release|Any CPU.ActiveCfg = Release|Any CPU
		{7BF95E6B-F8FF-4D76-8B56-C9462A1813E0}.Release|Any CPU.Build.0 = Release|Any CPU
		{3D4144E1-D5CA-4050-B242-A60E6E7C72DE}.Debug|Any CPU.ActiveCfg = Debug|Any CPU
		{3D4144E1-D5CA-4050-B242-A60E6E7C72DE}.Debug|Any CPU.Build.0 = Debug|Any CPU
		{3D4144E1-D5CA-4050-B242-A60E6E7C72DE}.Release|Any CPU.ActiveCfg = Release|Any CPU
		{3D4144E1-D5CA-4050-B242-A60E6E7C72DE}.Release|Any CPU.Build.0 = Release|Any CPU
	EndGlobalSection
	GlobalSection(SolutionProperties) = preSolution
		HideSolutionNode = FALSE
	EndGlobalSection
	GlobalSection(NestedProjects) = preSolution
		{3BC9E676-EC9F-42C6-9392-6AE3B4F850A1} = {1DEF615D-9169-4E97-823A-16C00C7FCD59}
		{0E80825B-0AB8-4EC7-A37D-E4FBC35D65CE} = {9242808D-3FEF-4625-972E-3D51A32C1820}
		{2B2FCEAC-0B5F-444E-930C-4D7F7AE6614B} = {9242808D-3FEF-4625-972E-3D51A32C1820}
		{7BF95E6B-F8FF-4D76-8B56-C9462A1813E0} = {9E2AD132-9A12-42D0-A0EC-C14DD40CC76C}
		{3D4144E1-D5CA-4050-B242-A60E6E7C72DE} = {7BA495E4-E3D5-4555-B6F1-3396312D00E3}
	EndGlobalSection
	GlobalSection(ExtensibilityGlobals) = postSolution
		SolutionGuid = {69560521-5D61-4CE4-A9A7-EA7962261A77}
	EndGlobalSection
EndGlobal
